
Microsoft Visual Studio Solution File, Format Version 12.00
# Visual Studio Version 17
VisualStudioVersion = 17.4.33122.133
MinimumVisualStudioVersion = 10.0.40219.1
Project("{2150E333-8FDC-42A3-9474-1A3956D46DE8}") = "Common", "Common", "{295045C7-F0C0-46B1-A56C-4561CA875702}"
EndProject
Project("{9A19103F-16F7-4668-BE54-9A1E7A4F7556}") = "CoreDAL", "GoHR.Core\CoreDAL.csproj", "{CE55D2EF-618B-4D27-89E5-329311A8318E}"
EndProject
Project("{9A19103F-16F7-4668-BE54-9A1E7A4F7556}") = "CoreAPI", "CoreAPI\CoreAPI.csproj", "{4290707C-BB3B-45A9-8E76-1A0B5D45DA7F}"
EndProject
Project("{9A19103F-16F7-4668-BE54-9A1E7A4F7556}") = "Common", "Common\Common.csproj", "{A0641676-0CC0-4CBB-B435-FC23B0A1F3B4}"
EndProject
Project("{2150E333-8FDC-42A3-9474-1A3956D46DE8}") = "HRM", "HRM", "{11C1AB28-DE5C-4220-9EED-2824FCAA5898}"
EndProject
Project("{2150E333-8FDC-42A3-9474-1A3956D46DE8}") = "Profile", "Profile", "{36B256B0-59D3-45F9-AF55-23169C171BE5}"
EndProject
Project("{9A19103F-16F7-4668-BE54-9A1E7A4F7556}") = "ProfileDAL", "ProfileDAL\ProfileDAL.csproj", "{21266B01-727A-4580-8953-9ED752CD27E9}"
EndProject
Project("{9A19103F-16F7-4668-BE54-9A1E7A4F7556}") = "ProfileAPI", "ProfileAPI\ProfileAPI.csproj", "{FDAF4D62-AAA6-46C3-B3DF-0CD862EB1684}"
EndProject
Project("{2150E333-8FDC-42A3-9474-1A3956D46DE8}") = "Attendance", "Attendance", "{194CE0EA-B940-45CD-B167-E39BD664D396}"
EndProject
Project("{9A19103F-16F7-4668-BE54-9A1E7A4F7556}") = "AttendanceDAL", "AttendanceDAL\AttendanceDAL.csproj", "{B18A7EF2-83E3-4E49-A9FF-EE75FA28212A}"
EndProject
Project("{9A19103F-16F7-4668-BE54-9A1E7A4F7556}") = "AttendanceAPI", "AttendanceAPI\AttendanceAPI.csproj", "{F885C3BB-D942-4204-BBDF-354986ECD97A}"
EndProject
Project("{2150E333-8FDC-42A3-9474-1A3956D46DE8}") = "Payroll", "Payroll", "{3DE1D5C7-71D1-4E0F-A292-A9BE29C1D1F9}"
EndProject
Project("{9A19103F-16F7-4668-BE54-9A1E7A4F7556}") = "PayrollDAL", "PayrollDAL\PayrollDAL.csproj", "{2119D6BF-E92C-4C83-A25C-8EB437C98DEB}"
EndProject
Project("{9A19103F-16F7-4668-BE54-9A1E7A4F7556}") = "PayrollAPI", "PayrollAPI\PayrollAPI.csproj", "{D72CD4AF-0B73-49A4-B166-1539C3129271}"
EndProject
Project("{9A19103F-16F7-4668-BE54-9A1E7A4F7556}") = "API", "API\API.csproj", "{E1ED6054-8597-4849-A6EE-8A0DD935D9FD}"
EndProject
Project("{2150E333-8FDC-42A3-9474-1A3956D46DE8}") = "HRProcess", "HRProcess", "{D7609E22-E2E2-4830-90AC-5319420A4AB2}"
EndProject
Project("{9A19103F-16F7-4668-BE54-9A1E7A4F7556}") = "HRProcessAPI", "HRProcessAPI\HRProcessAPI.csproj", "{12B011C9-293C-4388-AE33-F5E3304BA583}"
EndProject
Project("{9A19103F-16F7-4668-BE54-9A1E7A4F7556}") = "HRProcessDAL", "HRProcessDAL\HRProcessDAL.csproj", "{7AACAB4D-08FA-40DE-95D8-3C7835A04F4A}"
EndProject
Global
	GlobalSection(SolutionConfigurationPlatforms) = preSolution
		Debug|Any CPU = Debug|Any CPU
		DevTest|Any CPU = DevTest|Any CPU
		Release|Any CPU = Release|Any CPU
	EndGlobalSection
	GlobalSection(ProjectConfigurationPlatforms) = postSolution
		{CE55D2EF-618B-4D27-89E5-329311A8318E}.Debug|Any CPU.ActiveCfg = Debug|Any CPU
		{CE55D2EF-618B-4D27-89E5-329311A8318E}.Debug|Any CPU.Build.0 = Debug|Any CPU
		{CE55D2EF-618B-4D27-89E5-329311A8318E}.DevTest|Any CPU.ActiveCfg = Debug|Any CPU
		{CE55D2EF-618B-4D27-89E5-329311A8318E}.DevTest|Any CPU.Build.0 = Debug|Any CPU
		{CE55D2EF-618B-4D27-89E5-329311A8318E}.Release|Any CPU.ActiveCfg = Release|Any CPU
		{CE55D2EF-618B-4D27-89E5-329311A8318E}.Release|Any CPU.Build.0 = Release|Any CPU
		{4290707C-BB3B-45A9-8E76-1A0B5D45DA7F}.Debug|Any CPU.ActiveCfg = Debug|Any CPU
		{4290707C-BB3B-45A9-8E76-1A0B5D45DA7F}.Debug|Any CPU.Build.0 = Debug|Any CPU
		{4290707C-BB3B-45A9-8E76-1A0B5D45DA7F}.DevTest|Any CPU.ActiveCfg = Debug|Any CPU
		{4290707C-BB3B-45A9-8E76-1A0B5D45DA7F}.DevTest|Any CPU.Build.0 = Debug|Any CPU
		{4290707C-BB3B-45A9-8E76-1A0B5D45DA7F}.Release|Any CPU.ActiveCfg = Release|Any CPU
		{4290707C-BB3B-45A9-8E76-1A0B5D45DA7F}.Release|Any CPU.Build.0 = Release|Any CPU
		{A0641676-0CC0-4CBB-B435-FC23B0A1F3B4}.Debug|Any CPU.ActiveCfg = Debug|Any CPU
		{A0641676-0CC0-4CBB-B435-FC23B0A1F3B4}.Debug|Any CPU.Build.0 = Debug|Any CPU
		{A0641676-0CC0-4CBB-B435-FC23B0A1F3B4}.DevTest|Any CPU.ActiveCfg = Debug|Any CPU
		{A0641676-0CC0-4CBB-B435-FC23B0A1F3B4}.DevTest|Any CPU.Build.0 = Debug|Any CPU
		{A0641676-0CC0-4CBB-B435-FC23B0A1F3B4}.Release|Any CPU.ActiveCfg = Release|Any CPU
		{A0641676-0CC0-4CBB-B435-FC23B0A1F3B4}.Release|Any CPU.Build.0 = Release|Any CPU
		{21266B01-727A-4580-8953-9ED752CD27E9}.Debug|Any CPU.ActiveCfg = Debug|Any CPU
		{21266B01-727A-4580-8953-9ED752CD27E9}.Debug|Any CPU.Build.0 = Debug|Any CPU
		{21266B01-727A-4580-8953-9ED752CD27E9}.DevTest|Any CPU.ActiveCfg = Debug|Any CPU
		{21266B01-727A-4580-8953-9ED752CD27E9}.DevTest|Any CPU.Build.0 = Debug|Any CPU
		{21266B01-727A-4580-8953-9ED752CD27E9}.Release|Any CPU.ActiveCfg = Release|Any CPU
		{21266B01-727A-4580-8953-9ED752CD27E9}.Release|Any CPU.Build.0 = Release|Any CPU
		{FDAF4D62-AAA6-46C3-B3DF-0CD862EB1684}.Debug|Any CPU.ActiveCfg = Debug|Any CPU
		{FDAF4D62-AAA6-46C3-B3DF-0CD862EB1684}.Debug|Any CPU.Build.0 = Debug|Any CPU
		{FDAF4D62-AAA6-46C3-B3DF-0CD862EB1684}.DevTest|Any CPU.ActiveCfg = Debug|Any CPU
		{FDAF4D62-AAA6-46C3-B3DF-0CD862EB1684}.DevTest|Any CPU.Build.0 = Debug|Any CPU
		{FDAF4D62-AAA6-46C3-B3DF-0CD862EB1684}.Release|Any CPU.ActiveCfg = Release|Any CPU
		{FDAF4D62-AAA6-46C3-B3DF-0CD862EB1684}.Release|Any CPU.Build.0 = Release|Any CPU
		{B18A7EF2-83E3-4E49-A9FF-EE75FA28212A}.Debug|Any CPU.ActiveCfg = Debug|Any CPU
		{B18A7EF2-83E3-4E49-A9FF-EE75FA28212A}.Debug|Any CPU.Build.0 = Debug|Any CPU
		{B18A7EF2-83E3-4E49-A9FF-EE75FA28212A}.DevTest|Any CPU.ActiveCfg = Debug|Any CPU
		{B18A7EF2-83E3-4E49-A9FF-EE75FA28212A}.DevTest|Any CPU.Build.0 = Debug|Any CPU
		{B18A7EF2-83E3-4E49-A9FF-EE75FA28212A}.Release|Any CPU.ActiveCfg = Release|Any CPU
		{B18A7EF2-83E3-4E49-A9FF-EE75FA28212A}.Release|Any CPU.Build.0 = Release|Any CPU
		{F885C3BB-D942-4204-BBDF-354986ECD97A}.Debug|Any CPU.ActiveCfg = Debug|Any CPU
		{F885C3BB-D942-4204-BBDF-354986ECD97A}.Debug|Any CPU.Build.0 = Debug|Any CPU
		{F885C3BB-D942-4204-BBDF-354986ECD97A}.DevTest|Any CPU.ActiveCfg = Debug|Any CPU
		{F885C3BB-D942-4204-BBDF-354986ECD97A}.DevTest|Any CPU.Build.0 = Debug|Any CPU
		{F885C3BB-D942-4204-BBDF-354986ECD97A}.Release|Any CPU.ActiveCfg = Release|Any CPU
		{F885C3BB-D942-4204-BBDF-354986ECD97A}.Release|Any CPU.Build.0 = Release|Any CPU
		{2119D6BF-E92C-4C83-A25C-8EB437C98DEB}.Debug|Any CPU.ActiveCfg = Debug|Any CPU
		{2119D6BF-E92C-4C83-A25C-8EB437C98DEB}.Debug|Any CPU.Build.0 = Debug|Any CPU
		{2119D6BF-E92C-4C83-A25C-8EB437C98DEB}.DevTest|Any CPU.ActiveCfg = Debug|Any CPU
		{2119D6BF-E92C-4C83-A25C-8EB437C98DEB}.DevTest|Any CPU.Build.0 = Debug|Any CPU
		{2119D6BF-E92C-4C83-A25C-8EB437C98DEB}.Release|Any CPU.ActiveCfg = Release|Any CPU
		{2119D6BF-E92C-4C83-A25C-8EB437C98DEB}.Release|Any CPU.Build.0 = Release|Any CPU
		{D72CD4AF-0B73-49A4-B166-1539C3129271}.Debug|Any CPU.ActiveCfg = Debug|Any CPU
		{D72CD4AF-0B73-49A4-B166-1539C3129271}.Debug|Any CPU.Build.0 = Debug|Any CPU
		{D72CD4AF-0B73-49A4-B166-1539C3129271}.DevTest|Any CPU.ActiveCfg = Debug|Any CPU
		{D72CD4AF-0B73-49A4-B166-1539C3129271}.DevTest|Any CPU.Build.0 = Debug|Any CPU
		{D72CD4AF-0B73-49A4-B166-1539C3129271}.Release|Any CPU.ActiveCfg = Release|Any CPU
		{D72CD4AF-0B73-49A4-B166-1539C3129271}.Release|Any CPU.Build.0 = Release|Any CPU
		{E1ED6054-8597-4849-A6EE-8A0DD935D9FD}.Debug|Any CPU.ActiveCfg = Debug|Any CPU
		{E1ED6054-8597-4849-A6EE-8A0DD935D9FD}.Debug|Any CPU.Build.0 = Debug|Any CPU
		{E1ED6054-8597-4849-A6EE-8A0DD935D9FD}.DevTest|Any CPU.ActiveCfg = Debug|Any CPU
		{E1ED6054-8597-4849-A6EE-8A0DD935D9FD}.DevTest|Any CPU.Build.0 = Debug|Any CPU
		{E1ED6054-8597-4849-A6EE-8A0DD935D9FD}.Release|Any CPU.ActiveCfg = Release|Any CPU
		{E1ED6054-8597-4849-A6EE-8A0DD935D9FD}.Release|Any CPU.Build.0 = Release|Any CPU
		{12B011C9-293C-4388-AE33-F5E3304BA583}.Debug|Any CPU.ActiveCfg = Debug|Any CPU
		{12B011C9-293C-4388-AE33-F5E3304BA583}.Debug|Any CPU.Build.0 = Debug|Any CPU
		{12B011C9-293C-4388-AE33-F5E3304BA583}.DevTest|Any CPU.ActiveCfg = Debug|Any CPU
		{12B011C9-293C-4388-AE33-F5E3304BA583}.DevTest|Any CPU.Build.0 = Debug|Any CPU
		{12B011C9-293C-4388-AE33-F5E3304BA583}.Release|Any CPU.ActiveCfg = Release|Any CPU
		{12B011C9-293C-4388-AE33-F5E3304BA583}.Release|Any CPU.Build.0 = Release|Any CPU
		{7AACAB4D-08FA-40DE-95D8-3C7835A04F4A}.Debug|Any CPU.ActiveCfg = Debug|Any CPU
		{7AACAB4D-08FA-40DE-95D8-3C7835A04F4A}.Debug|Any CPU.Build.0 = Debug|Any CPU
		{7AACAB4D-08FA-40DE-95D8-3C7835A04F4A}.DevTest|Any CPU.ActiveCfg = Debug|Any CPU
		{7AACAB4D-08FA-40DE-95D8-3C7835A04F4A}.DevTest|Any CPU.Build.0 = Debug|Any CPU
		{7AACAB4D-08FA-40DE-95D8-3C7835A04F4A}.Release|Any CPU.ActiveCfg = Release|Any CPU
		{7AACAB4D-08FA-40DE-95D8-3C7835A04F4A}.Release|Any CPU.Build.0 = Release|Any CPU
	EndGlobalSection
	GlobalSection(SolutionProperties) = preSolution
		HideSolutionNode = FALSE
	EndGlobalSection
	GlobalSection(NestedProjects) = preSolution
		{CE55D2EF-618B-4D27-89E5-329311A8318E} = {295045C7-F0C0-46B1-A56C-4561CA875702}
		{4290707C-BB3B-45A9-8E76-1A0B5D45DA7F} = {295045C7-F0C0-46B1-A56C-4561CA875702}
		{A0641676-0CC0-4CBB-B435-FC23B0A1F3B4} = {295045C7-F0C0-46B1-A56C-4561CA875702}
		{36B256B0-59D3-45F9-AF55-23169C171BE5} = {11C1AB28-DE5C-4220-9EED-2824FCAA5898}
		{21266B01-727A-4580-8953-9ED752CD27E9} = {36B256B0-59D3-45F9-AF55-23169C171BE5}
		{FDAF4D62-AAA6-46C3-B3DF-0CD862EB1684} = {36B256B0-59D3-45F9-AF55-23169C171BE5}
		{194CE0EA-B940-45CD-B167-E39BD664D396} = {11C1AB28-DE5C-4220-9EED-2824FCAA5898}
		{B18A7EF2-83E3-4E49-A9FF-EE75FA28212A} = {194CE0EA-B940-45CD-B167-E39BD664D396}
		{F885C3BB-D942-4204-BBDF-354986ECD97A} = {194CE0EA-B940-45CD-B167-E39BD664D396}
		{3DE1D5C7-71D1-4E0F-A292-A9BE29C1D1F9} = {11C1AB28-DE5C-4220-9EED-2824FCAA5898}
		{2119D6BF-E92C-4C83-A25C-8EB437C98DEB} = {3DE1D5C7-71D1-4E0F-A292-A9BE29C1D1F9}
		{D72CD4AF-0B73-49A4-B166-1539C3129271} = {3DE1D5C7-71D1-4E0F-A292-A9BE29C1D1F9}
		{D7609E22-E2E2-4830-90AC-5319420A4AB2} = {11C1AB28-DE5C-4220-9EED-2824FCAA5898}
		{12B011C9-293C-4388-AE33-F5E3304BA583} = {D7609E22-E2E2-4830-90AC-5319420A4AB2}
		{7AACAB4D-08FA-40DE-95D8-3C7835A04F4A} = {D7609E22-E2E2-4830-90AC-5319420A4AB2}
	EndGlobalSection
	GlobalSection(ExtensibilityGlobals) = postSolution
		SolutionGuid = {25F89CA2-72E9-411D-A47F-51ECC508477E}
	EndGlobalSection
EndGlobal
